
Microsoft Visual Studio Solution File, Format Version 12.00
# Visual Studio Version 16
VisualStudioVersion = 16.0.31025.194
MinimumVisualStudioVersion = 10.0.40219.1
Project("{FAE04EC0-301F-11D3-BF4B-00C04F79EFBC}") = "Ilex.Server", "Ilex\Server\Ilex.Server.csproj", "{5F4F4F42-B0A0-4E3D-A06F-5F7EE4BA768F}"
EndProject
Project("{FAE04EC0-301F-11D3-BF4B-00C04F79EFBC}") = "Ilex.Client", "Ilex\Client\Ilex.Client.csproj", "{90CDAB09-7FF0-4254-9AD6-36A0476FE6E3}"
EndProject
Project("{FAE04EC0-301F-11D3-BF4B-00C04F79EFBC}") = "Ilex.Shared", "Ilex\Shared\Ilex.Shared.csproj", "{56639A58-6F80-42B5-A58D-B5A44BD6BC85}"
EndProject
Global
	GlobalSection(SolutionConfigurationPlatforms) = preSolution
		Debug|Any CPU = Debug|Any CPU
		Release|Any CPU = Release|Any CPU
	EndGlobalSection
	GlobalSection(ProjectConfigurationPlatforms) = postSolution
		{5F4F4F42-B0A0-4E3D-A06F-5F7EE4BA768F}.Debug|Any CPU.ActiveCfg = Debug|Any CPU
		{5F4F4F42-B0A0-4E3D-A06F-5F7EE4BA768F}.Debug|Any CPU.Build.0 = Debug|Any CPU
		{5F4F4F42-B0A0-4E3D-A06F-5F7EE4BA768F}.Release|Any CPU.ActiveCfg = Release|Any CPU
		{5F4F4F42-B0A0-4E3D-A06F-5F7EE4BA768F}.Release|Any CPU.Build.0 = Release|Any CPU
		{90CDAB09-7FF0-4254-9AD6-36A0476FE6E3}.Debug|Any CPU.ActiveCfg = Debug|Any CPU
		{90CDAB09-7FF0-4254-9AD6-36A0476FE6E3}.Debug|Any CPU.Build.0 = Debug|Any CPU
		{90CDAB09-7FF0-4254-9AD6-36A0476FE6E3}.Release|Any CPU.ActiveCfg = Release|Any CPU
		{90CDAB09-7FF0-4254-9AD6-36A0476FE6E3}.Release|Any CPU.Build.0 = Release|Any CPU
		{56639A58-6F80-42B5-A58D-B5A44BD6BC85}.Debug|Any CPU.ActiveCfg = Debug|Any CPU
		{56639A58-6F80-42B5-A58D-B5A44BD6BC85}.Debug|Any CPU.Build.0 = Debug|Any CPU
		{56639A58-6F80-42B5-A58D-B5A44BD6BC85}.Release|Any CPU.ActiveCfg = Release|Any CPU
		{56639A58-6F80-42B5-A58D-B5A44BD6BC85}.Release|Any CPU.Build.0 = Release|Any CPU
	EndGlobalSection
	GlobalSection(SolutionProperties) = preSolution
		HideSolutionNode = FALSE
	EndGlobalSection
	GlobalSection(ExtensibilityGlobals) = postSolution
		SolutionGuid = {923A9CC6-E8DF-4AD3-A8E4-E45E1DD12F57}
	EndGlobalSection
EndGlobal
